// !$*UTF8*$!
{
	archiveVersion = 1;
	classes = {
	};
	objectVersion = 46;
	objects = {

/* Begin PBXBuildFile section */
		B5856CC51846D7D200B70971 /* Foundation.framework in Frameworks */ = {isa = PBXBuildFile; fileRef = B5856CC41846D7D200B70971 /* Foundation.framework */; };
		B5856CC71846D7D200B70971 /* CoreGraphics.framework in Frameworks */ = {isa = PBXBuildFile; fileRef = B5856CC61846D7D200B70971 /* CoreGraphics.framework */; };
		B5856CC91846D7D200B70971 /* UIKit.framework in Frameworks */ = {isa = PBXBuildFile; fileRef = B5856CC81846D7D200B70971 /* UIKit.framework */; };
		B5856CCF1846D7D200B70971 /* InfoPlist.strings in Resources */ = {isa = PBXBuildFile; fileRef = B5856CCD1846D7D200B70971 /* InfoPlist.strings */; };
		B5856CD11846D7D200B70971 /* main.m in Sources */ = {isa = PBXBuildFile; fileRef = B5856CD01846D7D200B70971 /* main.m */; };
		B5856CD51846D7D200B70971 /* YFAppDelegate.m in Sources */ = {isa = PBXBuildFile; fileRef = B5856CD41846D7D200B70971 /* YFAppDelegate.m */; };
		B5856CD81846D7D200B70971 /* Main.storyboard in Resources */ = {isa = PBXBuildFile; fileRef = B5856CD61846D7D200B70971 /* Main.storyboard */; };
		B5856CDB1846D7D200B70971 /* YFViewController.m in Sources */ = {isa = PBXBuildFile; fileRef = B5856CDA1846D7D200B70971 /* YFViewController.m */; };
		B5856CDD1846D7D200B70971 /* Images.xcassets in Resources */ = {isa = PBXBuildFile; fileRef = B5856CDC1846D7D200B70971 /* Images.xcassets */; };
		B5856CE41846D7D200B70971 /* XCTest.framework in Frameworks */ = {isa = PBXBuildFile; fileRef = B5856CE31846D7D200B70971 /* XCTest.framework */; };
		B5856CE51846D7D200B70971 /* Foundation.framework in Frameworks */ = {isa = PBXBuildFile; fileRef = B5856CC41846D7D200B70971 /* Foundation.framework */; };
		B5856CE61846D7D200B70971 /* UIKit.framework in Frameworks */ = {isa = PBXBuildFile; fileRef = B5856CC81846D7D200B70971 /* UIKit.framework */; };
		B5856CEE1846D7D200B70971 /* InfoPlist.strings in Resources */ = {isa = PBXBuildFile; fileRef = B5856CEC1846D7D200B70971 /* InfoPlist.strings */; };
		B5856CF01846D7D200B70971 /* CorePlot14Tests.m in Sources */ = {isa = PBXBuildFile; fileRef = B5856CEF1846D7D200B70971 /* CorePlot14Tests.m */; };
		B5856CFA1846D7F100B70971 /* QuartzCore.framework in Frameworks */ = {isa = PBXBuildFile; fileRef = B5856CF91846D7F100B70971 /* QuartzCore.framework */; };
		B5856D4C1846DEE000B70971 /* libCorePlot-CocoaTouch.a in Frameworks */ = {isa = PBXBuildFile; fileRef = B5856D4B1846DEE000B70971 /* libCorePlot-CocoaTouch.a */; };
/* End PBXBuildFile section */

/* Begin PBXContainerItemProxy section */
		B5856CE71846D7D200B70971 /* PBXContainerItemProxy */ = {
			isa = PBXContainerItemProxy;
			containerPortal = B5856CB91846D7D200B70971 /* Project object */;
			proxyType = 1;
			remoteGlobalIDString = B5856CC01846D7D200B70971;
			remoteInfo = CorePlot14;
		};
/* End PBXContainerItemProxy section */

/* Begin PBXFileReference section */
		B5856CC11846D7D200B70971 /* CorePlot14.app */ = {isa = PBXFileReference; explicitFileType = wrapper.application; includeInIndex = 0; path = CorePlot14.app; sourceTree = BUILT_PRODUCTS_DIR; };
		B5856CC41846D7D200B70971 /* Foundation.framework */ = {isa = PBXFileReference; lastKnownFileType = wrapper.framework; name = Foundation.framework; path = System/Library/Frameworks/Foundation.framework; sourceTree = SDKROOT; };
		B5856CC61846D7D200B70971 /* CoreGraphics.framework */ = {isa = PBXFileReference; lastKnownFileType = wrapper.framework; name = CoreGraphics.framework; path = System/Library/Frameworks/CoreGraphics.framework; sourceTree = SDKROOT; };
		B5856CC81846D7D200B70971 /* UIKit.framework */ = {isa = PBXFileReference; lastKnownFileType = wrapper.framework; name = UIKit.framework; path = System/Library/Frameworks/UIKit.framework; sourceTree = SDKROOT; };
		B5856CCC1846D7D200B70971 /* CorePlot14-Info.plist */ = {isa = PBXFileReference; lastKnownFileType = text.plist.xml; path = "CorePlot14-Info.plist"; sourceTree = "<group>"; };
		B5856CCE1846D7D200B70971 /* en */ = {isa = PBXFileReference; lastKnownFileType = text.plist.strings; name = en; path = en.lproj/InfoPlist.strings; sourceTree = "<group>"; };
		B5856CD01846D7D200B70971 /* main.m */ = {isa = PBXFileReference; lastKnownFileType = sourcecode.c.objc; path = main.m; sourceTree = "<group>"; };
		B5856CD21846D7D200B70971 /* CorePlot14-Prefix.pch */ = {isa = PBXFileReference; lastKnownFileType = sourcecode.c.h; path = "CorePlot14-Prefix.pch"; sourceTree = "<group>"; };
		B5856CD31846D7D200B70971 /* YFAppDelegate.h */ = {isa = PBXFileReference; lastKnownFileType = sourcecode.c.h; path = YFAppDelegate.h; sourceTree = "<group>"; };
		B5856CD41846D7D200B70971 /* YFAppDelegate.m */ = {isa = PBXFileReference; lastKnownFileType = sourcecode.c.objc; path = YFAppDelegate.m; sourceTree = "<group>"; };
		B5856CD71846D7D200B70971 /* Base */ = {isa = PBXFileReference; lastKnownFileType = file.storyboard; name = Base; path = Base.lproj/Main.storyboard; sourceTree = "<group>"; };
		B5856CD91846D7D200B70971 /* YFViewController.h */ = {isa = PBXFileReference; lastKnownFileType = sourcecode.c.h; path = YFViewController.h; sourceTree = "<group>"; };
		B5856CDA1846D7D200B70971 /* YFViewController.m */ = {isa = PBXFileReference; lastKnownFileType = sourcecode.c.objc; path = YFViewController.m; sourceTree = "<group>"; };
		B5856CDC1846D7D200B70971 /* Images.xcassets */ = {isa = PBXFileReference; lastKnownFileType = folder.assetcatalog; path = Images.xcassets; sourceTree = "<group>"; };
		B5856CE21846D7D200B70971 /* CorePlot14Tests.xctest */ = {isa = PBXFileReference; explicitFileType = wrapper.cfbundle; includeInIndex = 0; path = CorePlot14Tests.xctest; sourceTree = BUILT_PRODUCTS_DIR; };
		B5856CE31846D7D200B70971 /* XCTest.framework */ = {isa = PBXFileReference; lastKnownFileType = wrapper.framework; name = XCTest.framework; path = Library/Frameworks/XCTest.framework; sourceTree = DEVELOPER_DIR; };
		B5856CEB1846D7D200B70971 /* CorePlot14Tests-Info.plist */ = {isa = PBXFileReference; lastKnownFileType = text.plist.xml; path = "CorePlot14Tests-Info.plist"; sourceTree = "<group>"; };
		B5856CED1846D7D200B70971 /* en */ = {isa = PBXFileReference; lastKnownFileType = text.plist.strings; name = en; path = en.lproj/InfoPlist.strings; sourceTree = "<group>"; };
		B5856CEF1846D7D200B70971 /* CorePlot14Tests.m */ = {isa = PBXFileReference; lastKnownFileType = sourcecode.c.objc; path = CorePlot14Tests.m; sourceTree = "<group>"; };
		B5856CF91846D7F100B70971 /* QuartzCore.framework */ = {isa = PBXFileReference; lastKnownFileType = wrapper.framework; name = QuartzCore.framework; path = System/Library/Frameworks/QuartzCore.framework; sourceTree = SDKROOT; };
		B5856CFD1846DEDF00B70971 /* CorePlot-CocoaTouch.h */ = {isa = PBXFileReference; fileEncoding = 4; lastKnownFileType = sourcecode.c.h; path = "CorePlot-CocoaTouch.h"; sourceTree = "<group>"; };
		B5856CFE1846DEDF00B70971 /* CPTAnimation.h */ = {isa = PBXFileReference; fileEncoding = 4; lastKnownFileType = sourcecode.c.h; path = CPTAnimation.h; sourceTree = "<group>"; };
		B5856CFF1846DEE000B70971 /* CPTAnimationOperation.h */ = {isa = PBXFileReference; fileEncoding = 4; lastKnownFileType = sourcecode.c.h; path = CPTAnimationOperation.h; sourceTree = "<group>"; };
		B5856D001846DEE000B70971 /* CPTAnimationPeriod.h */ = {isa = PBXFileReference; fileEncoding = 4; lastKnownFileType = sourcecode.c.h; path = CPTAnimationPeriod.h; sourceTree = "<group>"; };
		B5856D011846DEE000B70971 /* CPTAnnotation.h */ = {isa = PBXFileReference; fileEncoding = 4; lastKnownFileType = sourcecode.c.h; path = CPTAnnotation.h; sourceTree = "<group>"; };
		B5856D021846DEE000B70971 /* CPTAnnotationHostLayer.h */ = {isa = PBXFileReference; fileEncoding = 4; lastKnownFileType = sourcecode.c.h; path = CPTAnnotationHostLayer.h; sourceTree = "<group>"; };
		B5856D031846DEE000B70971 /* CPTAxis.h */ = {isa = PBXFileReference; fileEncoding = 4; lastKnownFileType = sourcecode.c.h; path = CPTAxis.h; sourceTree = "<group>"; };
		B5856D041846DEE000B70971 /* CPTAxisLabel.h */ = {isa = PBXFileReference; fileEncoding = 4; lastKnownFileType = sourcecode.c.h; path = CPTAxisLabel.h; sourceTree = "<group>"; };
		B5856D051846DEE000B70971 /* CPTAxisLabelGroup.h */ = {isa = PBXFileReference; fileEncoding = 4; lastKnownFileType = sourcecode.c.h; path = CPTAxisLabelGroup.h; sourceTree = "<group>"; };
		B5856D061846DEE000B70971 /* CPTAxisSet.h */ = {isa = PBXFileReference; fileEncoding = 4; lastKnownFileType = sourcecode.c.h; path = CPTAxisSet.h; sourceTree = "<group>"; };
		B5856D071846DEE000B70971 /* CPTAxisTitle.h */ = {isa = PBXFileReference; fileEncoding = 4; lastKnownFileType = sourcecode.c.h; path = CPTAxisTitle.h; sourceTree = "<group>"; };
		B5856D081846DEE000B70971 /* CPTBarPlot.h */ = {isa = PBXFileReference; fileEncoding = 4; lastKnownFileType = sourcecode.c.h; path = CPTBarPlot.h; sourceTree = "<group>"; };
		B5856D091846DEE000B70971 /* CPTBorderedLayer.h */ = {isa = PBXFileReference; fileEncoding = 4; lastKnownFileType = sourcecode.c.h; path = CPTBorderedLayer.h; sourceTree = "<group>"; };
		B5856D0A1846DEE000B70971 /* CPTCalendarFormatter.h */ = {isa = PBXFileReference; fileEncoding = 4; lastKnownFileType = sourcecode.c.h; path = CPTCalendarFormatter.h; sourceTree = "<group>"; };
		B5856D0B1846DEE000B70971 /* CPTColor.h */ = {isa = PBXFileReference; fileEncoding = 4; lastKnownFileType = sourcecode.c.h; path = CPTColor.h; sourceTree = "<group>"; };
		B5856D0C1846DEE000B70971 /* CPTColorSpace.h */ = {isa = PBXFileReference; fileEncoding = 4; lastKnownFileType = sourcecode.c.h; path = CPTColorSpace.h; sourceTree = "<group>"; };
		B5856D0D1846DEE000B70971 /* CPTConstraints.h */ = {isa = PBXFileReference; fileEncoding = 4; lastKnownFileType = sourcecode.c.h; path = CPTConstraints.h; sourceTree = "<group>"; };
		B5856D0E1846DEE000B70971 /* CPTDataSourceTestCase.h */ = {isa = PBXFileReference; fileEncoding = 4; lastKnownFileType = sourcecode.c.h; path = CPTDataSourceTestCase.h; sourceTree = "<group>"; };
		B5856D0F1846DEE000B70971 /* CPTDefinitions.h */ = {isa = PBXFileReference; fileEncoding = 4; lastKnownFileType = sourcecode.c.h; path = CPTDefinitions.h; sourceTree = "<group>"; };
		B5856D101846DEE000B70971 /* CPTDerivedXYGraph.h */ = {isa = PBXFileReference; fileEncoding = 4; lastKnownFileType = sourcecode.c.h; path = CPTDerivedXYGraph.h; sourceTree = "<group>"; };
		B5856D111846DEE000B70971 /* CPTExceptions.h */ = {isa = PBXFileReference; fileEncoding = 4; lastKnownFileType = sourcecode.c.h; path = CPTExceptions.h; sourceTree = "<group>"; };
		B5856D121846DEE000B70971 /* CPTFill.h */ = {isa = PBXFileReference; fileEncoding = 4; lastKnownFileType = sourcecode.c.h; path = CPTFill.h; sourceTree = "<group>"; };
		B5856D131846DEE000B70971 /* CPTFunctionDataSource.h */ = {isa = PBXFileReference; fileEncoding = 4; lastKnownFileType = sourcecode.c.h; path = CPTFunctionDataSource.h; sourceTree = "<group>"; };
		B5856D141846DEE000B70971 /* CPTGradient.h */ = {isa = PBXFileReference; fileEncoding = 4; lastKnownFileType = sourcecode.c.h; path = CPTGradient.h; sourceTree = "<group>"; };
		B5856D151846DEE000B70971 /* CPTGraph.h */ = {isa = PBXFileReference; fileEncoding = 4; lastKnownFileType = sourcecode.c.h; path = CPTGraph.h; sourceTree = "<group>"; };
		B5856D161846DEE000B70971 /* CPTGraphHostingView.h */ = {isa = PBXFileReference; fileEncoding = 4; lastKnownFileType = sourcecode.c.h; path = CPTGraphHostingView.h; sourceTree = "<group>"; };
		B5856D171846DEE000B70971 /* CPTGridLineGroup.h */ = {isa = PBXFileReference; fileEncoding = 4; lastKnownFileType = sourcecode.c.h; path = CPTGridLineGroup.h; sourceTree = "<group>"; };
		B5856D181846DEE000B70971 /* CPTGridLines.h */ = {isa = PBXFileReference; fileEncoding = 4; lastKnownFileType = sourcecode.c.h; path = CPTGridLines.h; sourceTree = "<group>"; };
		B5856D191846DEE000B70971 /* CPTImage.h */ = {isa = PBXFileReference; fileEncoding = 4; lastKnownFileType = sourcecode.c.h; path = CPTImage.h; sourceTree = "<group>"; };
		B5856D1A1846DEE000B70971 /* CPTLayer.h */ = {isa = PBXFileReference; fileEncoding = 4; lastKnownFileType = sourcecode.c.h; path = CPTLayer.h; sourceTree = "<group>"; };
		B5856D1B1846DEE000B70971 /* CPTLayerAnnotation.h */ = {isa = PBXFileReference; fileEncoding = 4; lastKnownFileType = sourcecode.c.h; path = CPTLayerAnnotation.h; sourceTree = "<group>"; };
		B5856D1C1846DEE000B70971 /* CPTLegend.h */ = {isa = PBXFileReference; fileEncoding = 4; lastKnownFileType = sourcecode.c.h; path = CPTLegend.h; sourceTree = "<group>"; };
		B5856D1D1846DEE000B70971 /* CPTLegendEntry.h */ = {isa = PBXFileReference; fileEncoding = 4; lastKnownFileType = sourcecode.c.h; path = CPTLegendEntry.h; sourceTree = "<group>"; };
		B5856D1E1846DEE000B70971 /* CPTLimitBand.h */ = {isa = PBXFileReference; fileEncoding = 4; lastKnownFileType = sourcecode.c.h; path = CPTLimitBand.h; sourceTree = "<group>"; };
		B5856D1F1846DEE000B70971 /* CPTLineCap.h */ = {isa = PBXFileReference; fileEncoding = 4; lastKnownFileType = sourcecode.c.h; path = CPTLineCap.h; sourceTree = "<group>"; };
		B5856D201846DEE000B70971 /* CPTLineStyle.h */ = {isa = PBXFileReference; fileEncoding = 4; lastKnownFileType = sourcecode.c.h; path = CPTLineStyle.h; sourceTree = "<group>"; };
		B5856D211846DEE000B70971 /* CPTMutableLineStyle.h */ = {isa = PBXFileReference; fileEncoding = 4; lastKnownFileType = sourcecode.c.h; path = CPTMutableLineStyle.h; sourceTree = "<group>"; };
		B5856D221846DEE000B70971 /* CPTMutableNumericData+TypeConversion.h */ = {isa = PBXFileReference; fileEncoding = 4; lastKnownFileType = sourcecode.c.h; path = "CPTMutableNumericData+TypeConversion.h"; sourceTree = "<group>"; };
		B5856D231846DEE000B70971 /* CPTMutableNumericData.h */ = {isa = PBXFileReference; fileEncoding = 4; lastKnownFileType = sourcecode.c.h; path = CPTMutableNumericData.h; sourceTree = "<group>"; };
		B5856D241846DEE000B70971 /* CPTMutablePlotRange.h */ = {isa = PBXFileReference; fileEncoding = 4; lastKnownFileType = sourcecode.c.h; path = CPTMutablePlotRange.h; sourceTree = "<group>"; };
		B5856D251846DEE000B70971 /* CPTMutableShadow.h */ = {isa = PBXFileReference; fileEncoding = 4; lastKnownFileType = sourcecode.c.h; path = CPTMutableShadow.h; sourceTree = "<group>"; };
		B5856D261846DEE000B70971 /* CPTMutableTextStyle.h */ = {isa = PBXFileReference; fileEncoding = 4; lastKnownFileType = sourcecode.c.h; path = CPTMutableTextStyle.h; sourceTree = "<group>"; };
		B5856D271846DEE000B70971 /* CPTNumericData+TypeConversion.h */ = {isa = PBXFileReference; fileEncoding = 4; lastKnownFileType = sourcecode.c.h; path = "CPTNumericData+TypeConversion.h"; sourceTree = "<group>"; };
		B5856D281846DEE000B70971 /* CPTNumericData.h */ = {isa = PBXFileReference; fileEncoding = 4; lastKnownFileType = sourcecode.c.h; path = CPTNumericData.h; sourceTree = "<group>"; };
		B5856D291846DEE000B70971 /* CPTNumericDataType.h */ = {isa = PBXFileReference; fileEncoding = 4; lastKnownFileType = sourcecode.c.h; path = CPTNumericDataType.h; sourceTree = "<group>"; };
		B5856D2A1846DEE000B70971 /* CPTPathExtensions.h */ = {isa = PBXFileReference; fileEncoding = 4; lastKnownFileType = sourcecode.c.h; path = CPTPathExtensions.h; sourceTree = "<group>"; };
		B5856D2B1846DEE000B70971 /* CPTPieChart.h */ = {isa = PBXFileReference; fileEncoding = 4; lastKnownFileType = sourcecode.c.h; path = CPTPieChart.h; sourceTree = "<group>"; };
		B5856D2C1846DEE000B70971 /* CPTPlatformSpecificCategories.h */ = {isa = PBXFileReference; fileEncoding = 4; lastKnownFileType = sourcecode.c.h; path = CPTPlatformSpecificCategories.h; sourceTree = "<group>"; };
		B5856D2D1846DEE000B70971 /* CPTPlatformSpecificDefines.h */ = {isa = PBXFileReference; fileEncoding = 4; lastKnownFileType = sourcecode.c.h; path = CPTPlatformSpecificDefines.h; sourceTree = "<group>"; };
		B5856D2E1846DEE000B70971 /* CPTPlatformSpecificFunctions.h */ = {isa = PBXFileReference; fileEncoding = 4; lastKnownFileType = sourcecode.c.h; path = CPTPlatformSpecificFunctions.h; sourceTree = "<group>"; };
		B5856D2F1846DEE000B70971 /* CPTPlot.h */ = {isa = PBXFileReference; fileEncoding = 4; lastKnownFileType = sourcecode.c.h; path = CPTPlot.h; sourceTree = "<group>"; };
		B5856D301846DEE000B70971 /* CPTPlotArea.h */ = {isa = PBXFileReference; fileEncoding = 4; lastKnownFileType = sourcecode.c.h; path = CPTPlotArea.h; sourceTree = "<group>"; };
		B5856D311846DEE000B70971 /* CPTPlotAreaFrame.h */ = {isa = PBXFileReference; fileEncoding = 4; lastKnownFileType = sourcecode.c.h; path = CPTPlotAreaFrame.h; sourceTree = "<group>"; };
		B5856D321846DEE000B70971 /* CPTPlotGroup.h */ = {isa = PBXFileReference; fileEncoding = 4; lastKnownFileType = sourcecode.c.h; path = CPTPlotGroup.h; sourceTree = "<group>"; };
		B5856D331846DEE000B70971 /* CPTPlotRange.h */ = {isa = PBXFileReference; fileEncoding = 4; lastKnownFileType = sourcecode.c.h; path = CPTPlotRange.h; sourceTree = "<group>"; };
		B5856D341846DEE000B70971 /* CPTPlotSpace.h */ = {isa = PBXFileReference; fileEncoding = 4; lastKnownFileType = sourcecode.c.h; path = CPTPlotSpace.h; sourceTree = "<group>"; };
		B5856D351846DEE000B70971 /* CPTPlotSpaceAnnotation.h */ = {isa = PBXFileReference; fileEncoding = 4; lastKnownFileType = sourcecode.c.h; path = CPTPlotSpaceAnnotation.h; sourceTree = "<group>"; };
		B5856D361846DEE000B70971 /* CPTPlotSymbol.h */ = {isa = PBXFileReference; fileEncoding = 4; lastKnownFileType = sourcecode.c.h; path = CPTPlotSymbol.h; sourceTree = "<group>"; };
		B5856D371846DEE000B70971 /* CPTRangePlot.h */ = {isa = PBXFileReference; fileEncoding = 4; lastKnownFileType = sourcecode.c.h; path = CPTRangePlot.h; sourceTree = "<group>"; };
		B5856D381846DEE000B70971 /* CPTResponder.h */ = {isa = PBXFileReference; fileEncoding = 4; lastKnownFileType = sourcecode.c.h; path = CPTResponder.h; sourceTree = "<group>"; };
		B5856D391846DEE000B70971 /* CPTScatterPlot.h */ = {isa = PBXFileReference; fileEncoding = 4; lastKnownFileType = sourcecode.c.h; path = CPTScatterPlot.h; sourceTree = "<group>"; };
		B5856D3A1846DEE000B70971 /* CPTShadow.h */ = {isa = PBXFileReference; fileEncoding = 4; lastKnownFileType = sourcecode.c.h; path = CPTShadow.h; sourceTree = "<group>"; };
		B5856D3B1846DEE000B70971 /* CPTTestCase.h */ = {isa = PBXFileReference; fileEncoding = 4; lastKnownFileType = sourcecode.c.h; path = CPTTestCase.h; sourceTree = "<group>"; };
		B5856D3C1846DEE000B70971 /* CPTTextLayer.h */ = {isa = PBXFileReference; fileEncoding = 4; lastKnownFileType = sourcecode.c.h; path = CPTTextLayer.h; sourceTree = "<group>"; };
		B5856D3D1846DEE000B70971 /* CPTTextStyle.h */ = {isa = PBXFileReference; fileEncoding = 4; lastKnownFileType = sourcecode.c.h; path = CPTTextStyle.h; sourceTree = "<group>"; };
		B5856D3E1846DEE000B70971 /* CPTTextStylePlatformSpecific.h */ = {isa = PBXFileReference; fileEncoding = 4; lastKnownFileType = sourcecode.c.h; path = CPTTextStylePlatformSpecific.h; sourceTree = "<group>"; };
		B5856D3F1846DEE000B70971 /* CPTTheme.h */ = {isa = PBXFileReference; fileEncoding = 4; lastKnownFileType = sourcecode.c.h; path = CPTTheme.h; sourceTree = "<group>"; };
		B5856D401846DEE000B70971 /* CPTTimeFormatter.h */ = {isa = PBXFileReference; fileEncoding = 4; lastKnownFileType = sourcecode.c.h; path = CPTTimeFormatter.h; sourceTree = "<group>"; };
		B5856D411846DEE000B70971 /* CPTTradingRangePlot.h */ = {isa = PBXFileReference; fileEncoding = 4; lastKnownFileType = sourcecode.c.h; path = CPTTradingRangePlot.h; sourceTree = "<group>"; };
		B5856D421846DEE000B70971 /* CPTUtilities.h */ = {isa = PBXFileReference; fileEncoding = 4; lastKnownFileType = sourcecode.c.h; path = CPTUtilities.h; sourceTree = "<group>"; };
		B5856D431846DEE000B70971 /* CPTXYAxis.h */ = {isa = PBXFileReference; fileEncoding = 4; lastKnownFileType = sourcecode.c.h; path = CPTXYAxis.h; sourceTree = "<group>"; };
		B5856D441846DEE000B70971 /* CPTXYAxisSet.h */ = {isa = PBXFileReference; fileEncoding = 4; lastKnownFileType = sourcecode.c.h; path = CPTXYAxisSet.h; sourceTree = "<group>"; };
		B5856D451846DEE000B70971 /* CPTXYGraph.h */ = {isa = PBXFileReference; fileEncoding = 4; lastKnownFileType = sourcecode.c.h; path = CPTXYGraph.h; sourceTree = "<group>"; };
		B5856D461846DEE000B70971 /* CPTXYPlotSpace.h */ = {isa = PBXFileReference; fileEncoding = 4; lastKnownFileType = sourcecode.c.h; path = CPTXYPlotSpace.h; sourceTree = "<group>"; };
		B5856D471846DEE000B70971 /* mainpage.h */ = {isa = PBXFileReference; fileEncoding = 4; lastKnownFileType = sourcecode.c.h; path = mainpage.h; sourceTree = "<group>"; };
		B5856D481846DEE000B70971 /* NSCoderExtensions.h */ = {isa = PBXFileReference; fileEncoding = 4; lastKnownFileType = sourcecode.c.h; path = NSCoderExtensions.h; sourceTree = "<group>"; };
		B5856D491846DEE000B70971 /* NSDecimalNumberExtensions.h */ = {isa = PBXFileReference; fileEncoding = 4; lastKnownFileType = sourcecode.c.h; path = NSDecimalNumberExtensions.h; sourceTree = "<group>"; };
		B5856D4A1846DEE000B70971 /* NSNumberExtensions.h */ = {isa = PBXFileReference; fileEncoding = 4; lastKnownFileType = sourcecode.c.h; path = NSNumberExtensions.h; sourceTree = "<group>"; };
		B5856D4B1846DEE000B70971 /* libCorePlot-CocoaTouch.a */ = {isa = PBXFileReference; lastKnownFileType = archive.ar; path = "libCorePlot-CocoaTouch.a"; sourceTree = "<group>"; };
/* End PBXFileReference section */

/* Begin PBXFrameworksBuildPhase section */
		B5856CBE1846D7D200B70971 /* Frameworks */ = {
			isa = PBXFrameworksBuildPhase;
			buildActionMask = 2147483647;
			files = (
				B5856CFA1846D7F100B70971 /* QuartzCore.framework in Frameworks */,
				B5856CC71846D7D200B70971 /* CoreGraphics.framework in Frameworks */,
				B5856CC91846D7D200B70971 /* UIKit.framework in Frameworks */,
				B5856CC51846D7D200B70971 /* Foundation.framework in Frameworks */,
				B5856D4C1846DEE000B70971 /* libCorePlot-CocoaTouch.a in Frameworks */,
			);
			runOnlyForDeploymentPostprocessing = 0;
		};
		B5856CDF1846D7D200B70971 /* Frameworks */ = {
			isa = PBXFrameworksBuildPhase;
			buildActionMask = 2147483647;
			files = (
				B5856CE41846D7D200B70971 /* XCTest.framework in Frameworks */,
				B5856CE61846D7D200B70971 /* UIKit.framework in Frameworks */,
				B5856CE51846D7D200B70971 /* Foundation.framework in Frameworks */,
			);
			runOnlyForDeploymentPostprocessing = 0;
		};
/* End PBXFrameworksBuildPhase section */

/* Begin PBXGroup section */
		B5856CB81846D7D200B70971 = {
			isa = PBXGroup;
			children = (
				B5856CCA1846D7D200B70971 /* CorePlot14 */,
				B5856CE91846D7D200B70971 /* CorePlot14Tests */,
				B5856CC31846D7D200B70971 /* Frameworks */,
				B5856CC21846D7D200B70971 /* Products */,
			);
			sourceTree = "<group>";
		};
		B5856CC21846D7D200B70971 /* Products */ = {
			isa = PBXGroup;
			children = (
				B5856CC11846D7D200B70971 /* CorePlot14.app */,
				B5856CE21846D7D200B70971 /* CorePlot14Tests.xctest */,
			);
			name = Products;
			sourceTree = "<group>";
		};
		B5856CC31846D7D200B70971 /* Frameworks */ = {
			isa = PBXGroup;
			children = (
				B5856CF91846D7F100B70971 /* QuartzCore.framework */,
				B5856CC41846D7D200B70971 /* Foundation.framework */,
				B5856CC61846D7D200B70971 /* CoreGraphics.framework */,
				B5856CC81846D7D200B70971 /* UIKit.framework */,
				B5856CE31846D7D200B70971 /* XCTest.framework */,
			);
			name = Frameworks;
			sourceTree = "<group>";
		};
		B5856CCA1846D7D200B70971 /* CorePlot14 */ = {
			isa = PBXGroup;
			children = (
				B5856CFB1846DEDF00B70971 /* CorePlot-iOS */,
				B5856CD31846D7D200B70971 /* YFAppDelegate.h */,
				B5856CD41846D7D200B70971 /* YFAppDelegate.m */,
				B5856CD61846D7D200B70971 /* Main.storyboard */,
				B5856CD91846D7D200B70971 /* YFViewController.h */,
				B5856CDA1846D7D200B70971 /* YFViewController.m */,
				B5856CDC1846D7D200B70971 /* Images.xcassets */,
				B5856CCB1846D7D200B70971 /* Supporting Files */,
			);
			path = CorePlot14;
			sourceTree = "<group>";
		};
		B5856CCB1846D7D200B70971 /* Supporting Files */ = {
			isa = PBXGroup;
			children = (
				B5856CCC1846D7D200B70971 /* CorePlot14-Info.plist */,
				B5856CCD1846D7D200B70971 /* InfoPlist.strings */,
				B5856CD01846D7D200B70971 /* main.m */,
				B5856CD21846D7D200B70971 /* CorePlot14-Prefix.pch */,
			);
			name = "Supporting Files";
			sourceTree = "<group>";
		};
		B5856CE91846D7D200B70971 /* CorePlot14Tests */ = {
			isa = PBXGroup;
			children = (
				B5856CEF1846D7D200B70971 /* CorePlot14Tests.m */,
				B5856CEA1846D7D200B70971 /* Supporting Files */,
			);
			path = CorePlot14Tests;
			sourceTree = "<group>";
		};
		B5856CEA1846D7D200B70971 /* Supporting Files */ = {
			isa = PBXGroup;
			children = (
				B5856CEB1846D7D200B70971 /* CorePlot14Tests-Info.plist */,
				B5856CEC1846D7D200B70971 /* InfoPlist.strings */,
			);
			name = "Supporting Files";
			sourceTree = "<group>";
		};
		B5856CFB1846DEDF00B70971 /* CorePlot-iOS */ = {
			isa = PBXGroup;
			children = (
				B5856CFC1846DEDF00B70971 /* CorePlotHeaders */,
				B5856D4B1846DEE000B70971 /* libCorePlot-CocoaTouch.a */,
			);
			name = "CorePlot-iOS";
			path = "Vender/CorePlot-iOS";
			sourceTree = "<group>";
		};
		B5856CFC1846DEDF00B70971 /* CorePlotHeaders */ = {
			isa = PBXGroup;
			children = (
				B5856CFD1846DEDF00B70971 /* CorePlot-CocoaTouch.h */,
				B5856CFE1846DEDF00B70971 /* CPTAnimation.h */,
				B5856CFF1846DEE000B70971 /* CPTAnimationOperation.h */,
				B5856D001846DEE000B70971 /* CPTAnimationPeriod.h */,
				B5856D011846DEE000B70971 /* CPTAnnotation.h */,
				B5856D021846DEE000B70971 /* CPTAnnotationHostLayer.h */,
				B5856D031846DEE000B70971 /* CPTAxis.h */,
				B5856D041846DEE000B70971 /* CPTAxisLabel.h */,
				B5856D051846DEE000B70971 /* CPTAxisLabelGroup.h */,
				B5856D061846DEE000B70971 /* CPTAxisSet.h */,
				B5856D071846DEE000B70971 /* CPTAxisTitle.h */,
				B5856D081846DEE000B70971 /* CPTBarPlot.h */,
				B5856D091846DEE000B70971 /* CPTBorderedLayer.h */,
				B5856D0A1846DEE000B70971 /* CPTCalendarFormatter.h */,
				B5856D0B1846DEE000B70971 /* CPTColor.h */,
				B5856D0C1846DEE000B70971 /* CPTColorSpace.h */,
				B5856D0D1846DEE000B70971 /* CPTConstraints.h */,
				B5856D0E1846DEE000B70971 /* CPTDataSourceTestCase.h */,
				B5856D0F1846DEE000B70971 /* CPTDefinitions.h */,
				B5856D101846DEE000B70971 /* CPTDerivedXYGraph.h */,
				B5856D111846DEE000B70971 /* CPTExceptions.h */,
				B5856D121846DEE000B70971 /* CPTFill.h */,
				B5856D131846DEE000B70971 /* CPTFunctionDataSource.h */,
				B5856D141846DEE000B70971 /* CPTGradient.h */,
				B5856D151846DEE000B70971 /* CPTGraph.h */,
				B5856D161846DEE000B70971 /* CPTGraphHostingView.h */,
				B5856D171846DEE000B70971 /* CPTGridLineGroup.h */,
				B5856D181846DEE000B70971 /* CPTGridLines.h */,
				B5856D191846DEE000B70971 /* CPTImage.h */,
				B5856D1A1846DEE000B70971 /* CPTLayer.h */,
				B5856D1B1846DEE000B70971 /* CPTLayerAnnotation.h */,
				B5856D1C1846DEE000B70971 /* CPTLegend.h */,
				B5856D1D1846DEE000B70971 /* CPTLegendEntry.h */,
				B5856D1E1846DEE000B70971 /* CPTLimitBand.h */,
				B5856D1F1846DEE000B70971 /* CPTLineCap.h */,
				B5856D201846DEE000B70971 /* CPTLineStyle.h */,
				B5856D211846DEE000B70971 /* CPTMutableLineStyle.h */,
				B5856D221846DEE000B70971 /* CPTMutableNumericData+TypeConversion.h */,
				B5856D231846DEE000B70971 /* CPTMutableNumericData.h */,
				B5856D241846DEE000B70971 /* CPTMutablePlotRange.h */,
				B5856D251846DEE000B70971 /* CPTMutableShadow.h */,
				B5856D261846DEE000B70971 /* CPTMutableTextStyle.h */,
				B5856D271846DEE000B70971 /* CPTNumericData+TypeConversion.h */,
				B5856D281846DEE000B70971 /* CPTNumericData.h */,
				B5856D291846DEE000B70971 /* CPTNumericDataType.h */,
				B5856D2A1846DEE000B70971 /* CPTPathExtensions.h */,
				B5856D2B1846DEE000B70971 /* CPTPieChart.h */,
				B5856D2C1846DEE000B70971 /* CPTPlatformSpecificCategories.h */,
				B5856D2D1846DEE000B70971 /* CPTPlatformSpecificDefines.h */,
				B5856D2E1846DEE000B70971 /* CPTPlatformSpecificFunctions.h */,
				B5856D2F1846DEE000B70971 /* CPTPlot.h */,
				B5856D301846DEE000B70971 /* CPTPlotArea.h */,
				B5856D311846DEE000B70971 /* CPTPlotAreaFrame.h */,
				B5856D321846DEE000B70971 /* CPTPlotGroup.h */,
				B5856D331846DEE000B70971 /* CPTPlotRange.h */,
				B5856D341846DEE000B70971 /* CPTPlotSpace.h */,
				B5856D351846DEE000B70971 /* CPTPlotSpaceAnnotation.h */,
				B5856D361846DEE000B70971 /* CPTPlotSymbol.h */,
				B5856D371846DEE000B70971 /* CPTRangePlot.h */,
				B5856D381846DEE000B70971 /* CPTResponder.h */,
				B5856D391846DEE000B70971 /* CPTScatterPlot.h */,
				B5856D3A1846DEE000B70971 /* CPTShadow.h */,
				B5856D3B1846DEE000B70971 /* CPTTestCase.h */,
				B5856D3C1846DEE000B70971 /* CPTTextLayer.h */,
				B5856D3D1846DEE000B70971 /* CPTTextStyle.h */,
				B5856D3E1846DEE000B70971 /* CPTTextStylePlatformSpecific.h */,
				B5856D3F1846DEE000B70971 /* CPTTheme.h */,
				B5856D401846DEE000B70971 /* CPTTimeFormatter.h */,
				B5856D411846DEE000B70971 /* CPTTradingRangePlot.h */,
				B5856D421846DEE000B70971 /* CPTUtilities.h */,
				B5856D431846DEE000B70971 /* CPTXYAxis.h */,
				B5856D441846DEE000B70971 /* CPTXYAxisSet.h */,
				B5856D451846DEE000B70971 /* CPTXYGraph.h */,
				B5856D461846DEE000B70971 /* CPTXYPlotSpace.h */,
				B5856D471846DEE000B70971 /* mainpage.h */,
				B5856D481846DEE000B70971 /* NSCoderExtensions.h */,
				B5856D491846DEE000B70971 /* NSDecimalNumberExtensions.h */,
				B5856D4A1846DEE000B70971 /* NSNumberExtensions.h */,
			);
			path = CorePlotHeaders;
			sourceTree = "<group>";
		};
/* End PBXGroup section */

/* Begin PBXNativeTarget section */
		B5856CC01846D7D200B70971 /* CorePlot14 */ = {
			isa = PBXNativeTarget;
			buildConfigurationList = B5856CF31846D7D200B70971 /* Build configuration list for PBXNativeTarget "CorePlot14" */;
			buildPhases = (
				B5856CBD1846D7D200B70971 /* Sources */,
				B5856CBE1846D7D200B70971 /* Frameworks */,
				B5856CBF1846D7D200B70971 /* Resources */,
			);
			buildRules = (
			);
			dependencies = (
			);
			name = CorePlot14;
			productName = CorePlot14;
			productReference = B5856CC11846D7D200B70971 /* CorePlot14.app */;
			productType = "com.apple.product-type.application";
		};
		B5856CE11846D7D200B70971 /* CorePlot14Tests */ = {
			isa = PBXNativeTarget;
			buildConfigurationList = B5856CF61846D7D200B70971 /* Build configuration list for PBXNativeTarget "CorePlot14Tests" */;
			buildPhases = (
				B5856CDE1846D7D200B70971 /* Sources */,
				B5856CDF1846D7D200B70971 /* Frameworks */,
				B5856CE01846D7D200B70971 /* Resources */,
			);
			buildRules = (
			);
			dependencies = (
				B5856CE81846D7D200B70971 /* PBXTargetDependency */,
			);
			name = CorePlot14Tests;
			productName = CorePlot14Tests;
			productReference = B5856CE21846D7D200B70971 /* CorePlot14Tests.xctest */;
			productType = "com.apple.product-type.bundle.unit-test";
		};
/* End PBXNativeTarget section */

/* Begin PBXProject section */
		B5856CB91846D7D200B70971 /* Project object */ = {
			isa = PBXProject;
			attributes = {
				CLASSPREFIX = YF;
				LastUpgradeCheck = 0500;
				ORGANIZATIONNAME = "YUKO FUJII";
				TargetAttributes = {
					B5856CE11846D7D200B70971 = {
						TestTargetID = B5856CC01846D7D200B70971;
					};
				};
			};
			buildConfigurationList = B5856CBC1846D7D200B70971 /* Build configuration list for PBXProject "CorePlot14" */;
			compatibilityVersion = "Xcode 3.2";
			developmentRegion = English;
			hasScannedForEncodings = 0;
			knownRegions = (
				en,
				Base,
			);
			mainGroup = B5856CB81846D7D200B70971;
			productRefGroup = B5856CC21846D7D200B70971 /* Products */;
			projectDirPath = "";
			projectRoot = "";
			targets = (
				B5856CC01846D7D200B70971 /* CorePlot14 */,
				B5856CE11846D7D200B70971 /* CorePlot14Tests */,
			);
		};
/* End PBXProject section */

/* Begin PBXResourcesBuildPhase section */
		B5856CBF1846D7D200B70971 /* Resources */ = {
			isa = PBXResourcesBuildPhase;
			buildActionMask = 2147483647;
			files = (
				B5856CDD1846D7D200B70971 /* Images.xcassets in Resources */,
				B5856CCF1846D7D200B70971 /* InfoPlist.strings in Resources */,
				B5856CD81846D7D200B70971 /* Main.storyboard in Resources */,
			);
			runOnlyForDeploymentPostprocessing = 0;
		};
		B5856CE01846D7D200B70971 /* Resources */ = {
			isa = PBXResourcesBuildPhase;
			buildActionMask = 2147483647;
			files = (
				B5856CEE1846D7D200B70971 /* InfoPlist.strings in Resources */,
			);
			runOnlyForDeploymentPostprocessing = 0;
		};
/* End PBXResourcesBuildPhase section */

/* Begin PBXSourcesBuildPhase section */
		B5856CBD1846D7D200B70971 /* Sources */ = {
			isa = PBXSourcesBuildPhase;
			buildActionMask = 2147483647;
			files = (
				B5856CD11846D7D200B70971 /* main.m in Sources */,
				B5856CDB1846D7D200B70971 /* YFViewController.m in Sources */,
				B5856CD51846D7D200B70971 /* YFAppDelegate.m in Sources */,
			);
			runOnlyForDeploymentPostprocessing = 0;
		};
		B5856CDE1846D7D200B70971 /* Sources */ = {
			isa = PBXSourcesBuildPhase;
			buildActionMask = 2147483647;
			files = (
				B5856CF01846D7D200B70971 /* CorePlot14Tests.m in Sources */,
			);
			runOnlyForDeploymentPostprocessing = 0;
		};
/* End PBXSourcesBuildPhase section */

/* Begin PBXTargetDependency section */
		B5856CE81846D7D200B70971 /* PBXTargetDependency */ = {
			isa = PBXTargetDependency;
			target = B5856CC01846D7D200B70971 /* CorePlot14 */;
			targetProxy = B5856CE71846D7D200B70971 /* PBXContainerItemProxy */;
		};
/* End PBXTargetDependency section */

/* Begin PBXVariantGroup section */
		B5856CCD1846D7D200B70971 /* InfoPlist.strings */ = {
			isa = PBXVariantGroup;
			children = (
				B5856CCE1846D7D200B70971 /* en */,
			);
			name = InfoPlist.strings;
			sourceTree = "<group>";
		};
		B5856CD61846D7D200B70971 /* Main.storyboard */ = {
			isa = PBXVariantGroup;
			children = (
				B5856CD71846D7D200B70971 /* Base */,
			);
			name = Main.storyboard;
			sourceTree = "<group>";
		};
		B5856CEC1846D7D200B70971 /* InfoPlist.strings */ = {
			isa = PBXVariantGroup;
			children = (
				B5856CED1846D7D200B70971 /* en */,
			);
			name = InfoPlist.strings;
			sourceTree = "<group>";
		};
/* End PBXVariantGroup section */

/* Begin XCBuildConfiguration section */
		B5856CF11846D7D200B70971 /* Debug */ = {
			isa = XCBuildConfiguration;
			buildSettings = {
				ALWAYS_SEARCH_USER_PATHS = NO;
				ARCHS = "$(ARCHS_STANDARD_INCLUDING_64_BIT)";
				CLANG_CXX_LANGUAGE_STANDARD = "gnu++0x";
				CLANG_CXX_LIBRARY = "libc++";
				CLANG_ENABLE_MODULES = YES;
				CLANG_ENABLE_OBJC_ARC = YES;
				CLANG_WARN_BOOL_CONVERSION = YES;
				CLANG_WARN_CONSTANT_CONVERSION = YES;
				CLANG_WARN_DIRECT_OBJC_ISA_USAGE = YES_ERROR;
				CLANG_WARN_EMPTY_BODY = YES;
				CLANG_WARN_ENUM_CONVERSION = YES;
				CLANG_WARN_INT_CONVERSION = YES;
				CLANG_WARN_OBJC_ROOT_CLASS = YES_ERROR;
				CLANG_WARN__DUPLICATE_METHOD_MATCH = YES;
				"CODE_SIGN_IDENTITY[sdk=iphoneos*]" = "iPhone Developer";
				COPY_PHASE_STRIP = NO;
				GCC_C_LANGUAGE_STANDARD = gnu99;
				GCC_DYNAMIC_NO_PIC = NO;
				GCC_OPTIMIZATION_LEVEL = 0;
				GCC_PREPROCESSOR_DEFINITIONS = (
					"DEBUG=1",
					"$(inherited)",
				);
				GCC_SYMBOLS_PRIVATE_EXTERN = NO;
				GCC_WARN_64_TO_32_BIT_CONVERSION = YES;
				GCC_WARN_ABOUT_RETURN_TYPE = YES_ERROR;
				GCC_WARN_UNDECLARED_SELECTOR = YES;
				GCC_WARN_UNINITIALIZED_AUTOS = YES;
				GCC_WARN_UNUSED_FUNCTION = YES;
				GCC_WARN_UNUSED_VARIABLE = YES;
				IPHONEOS_DEPLOYMENT_TARGET = 7.0;
				ONLY_ACTIVE_ARCH = YES;
				SDKROOT = iphoneos;
			};
			name = Debug;
		};
		B5856CF21846D7D200B70971 /* Release */ = {
			isa = XCBuildConfiguration;
			buildSettings = {
				ALWAYS_SEARCH_USER_PATHS = NO;
				ARCHS = "$(ARCHS_STANDARD_INCLUDING_64_BIT)";
				CLANG_CXX_LANGUAGE_STANDARD = "gnu++0x";
				CLANG_CXX_LIBRARY = "libc++";
				CLANG_ENABLE_MODULES = YES;
				CLANG_ENABLE_OBJC_ARC = YES;
				CLANG_WARN_BOOL_CONVERSION = YES;
				CLANG_WARN_CONSTANT_CONVERSION = YES;
				CLANG_WARN_DIRECT_OBJC_ISA_USAGE = YES_ERROR;
				CLANG_WARN_EMPTY_BODY = YES;
				CLANG_WARN_ENUM_CONVERSION = YES;
				CLANG_WARN_INT_CONVERSION = YES;
				CLANG_WARN_OBJC_ROOT_CLASS = YES_ERROR;
				CLANG_WARN__DUPLICATE_METHOD_MATCH = YES;
				"CODE_SIGN_IDENTITY[sdk=iphoneos*]" = "iPhone Developer";
				COPY_PHASE_STRIP = YES;
				ENABLE_NS_ASSERTIONS = NO;
				GCC_C_LANGUAGE_STANDARD = gnu99;
				GCC_WARN_64_TO_32_BIT_CONVERSION = YES;
				GCC_WARN_ABOUT_RETURN_TYPE = YES_ERROR;
				GCC_WARN_UNDECLARED_SELECTOR = YES;
				GCC_WARN_UNINITIALIZED_AUTOS = YES;
				GCC_WARN_UNUSED_FUNCTION = YES;
				GCC_WARN_UNUSED_VARIABLE = YES;
				IPHONEOS_DEPLOYMENT_TARGET = 7.0;
				SDKROOT = iphoneos;
				VALIDATE_PRODUCT = YES;
			};
			name = Release;
		};
		B5856CF41846D7D200B70971 /* Debug */ = {
			isa = XCBuildConfiguration;
			buildSettings = {
				ASSETCATALOG_COMPILER_APPICON_NAME = AppIcon;
				ASSETCATALOG_COMPILER_LAUNCHIMAGE_NAME = LaunchImage;
				GCC_PRECOMPILE_PREFIX_HEADER = YES;
				GCC_PREFIX_HEADER = "CorePlot14/CorePlot14-Prefix.pch";
				INFOPLIST_FILE = "CorePlot14/CorePlot14-Info.plist";
				LIBRARY_SEARCH_PATHS = (
					"$(inherited)",
					"/Volumes/MAIN/work/ios7/corePlotSample1/CorePlot14/CorePlot14/Vender/CorePlot-iOS",
				);
				PRODUCT_NAME = "$(TARGET_NAME)";
				WRAPPER_EXTENSION = app;
			};
			name = Debug;
		};
		B5856CF51846D7D200B70971 /* Release */ = {
			isa = XCBuildConfiguration;
			buildSettings = {
				ASSETCATALOG_COMPILER_APPICON_NAME = AppIcon;
				ASSETCATALOG_COMPILER_LAUNCHIMAGE_NAME = LaunchImage;
				GCC_PRECOMPILE_PREFIX_HEADER = YES;
				GCC_PREFIX_HEADER = "CorePlot14/CorePlot14-Prefix.pch";
				INFOPLIST_FILE = "CorePlot14/CorePlot14-Info.plist";
				LIBRARY_SEARCH_PATHS = (
					"$(inherited)",
					"/Volumes/MAIN/work/ios7/corePlotSample1/CorePlot14/CorePlot14/Vender/CorePlot-iOS",
				);
				PRODUCT_NAME = "$(TARGET_NAME)";
				WRAPPER_EXTENSION = app;
			};
			name = Release;
		};
		B5856CF71846D7D200B70971 /* Debug */ = {
			isa = XCBuildConfiguration;
			buildSettings = {
				ARCHS = "$(ARCHS_STANDARD_INCLUDING_64_BIT)";
				BUNDLE_LOADER = "$(BUILT_PRODUCTS_DIR)/CorePlot14.app/CorePlot14";
				FRAMEWORK_SEARCH_PATHS = (
					"$(SDKROOT)/Developer/Library/Frameworks",
					"$(inherited)",
					"$(DEVELOPER_FRAMEWORKS_DIR)",
				);
				GCC_PRECOMPILE_PREFIX_HEADER = YES;
				GCC_PREFIX_HEADER = "CorePlot14/CorePlot14-Prefix.pch";
				GCC_PREPROCESSOR_DEFINITIONS = (
					"DEBUG=1",
					"$(inherited)",
				);
				INFOPLIST_FILE = "CorePlot14Tests/CorePlot14Tests-Info.plist";
				PRODUCT_NAME = "$(TARGET_NAME)";
				TEST_HOST = "$(BUNDLE_LOADER)";
				WRAPPER_EXTENSION = xctest;
			};
			name = Debug;
		};
		B5856CF81846D7D200B70971 /* Release */ = {
			isa = XCBuildConfiguration;
			buildSettings = {
				ARCHS = "$(ARCHS_STANDARD_INCLUDING_64_BIT)";
				BUNDLE_LOADER = "$(BUILT_PRODUCTS_DIR)/CorePlot14.app/CorePlot14";
				FRAMEWORK_SEARCH_PATHS = (
					"$(SDKROOT)/Developer/Library/Frameworks",
					"$(inherited)",
					"$(DEVELOPER_FRAMEWORKS_DIR)",
				);
				GCC_PRECOMPILE_PREFIX_HEADER = YES;
				GCC_PREFIX_HEADER = "CorePlot14/CorePlot14-Prefix.pch";
				INFOPLIST_FILE = "CorePlot14Tests/CorePlot14Tests-Info.plist";
				PRODUCT_NAME = "$(TARGET_NAME)";
				TEST_HOST = "$(BUNDLE_LOADER)";
				WRAPPER_EXTENSION = xctest;
			};
			name = Release;
		};
/* End XCBuildConfiguration section */

/* Begin XCConfigurationList section */
		B5856CBC1846D7D200B70971 /* Build configuration list for PBXProject "CorePlot14" */ = {
			isa = XCConfigurationList;
			buildConfigurations = (
				B5856CF11846D7D200B70971 /* Debug */,
				B5856CF21846D7D200B70971 /* Release */,
			);
			defaultConfigurationIsVisible = 0;
			defaultConfigurationName = Release;
		};
		B5856CF31846D7D200B70971 /* Build configuration list for PBXNativeTarget "CorePlot14" */ = {
			isa = XCConfigurationList;
			buildConfigurations = (
				B5856CF41846D7D200B70971 /* Debug */,
				B5856CF51846D7D200B70971 /* Release */,
			);
			defaultConfigurationIsVisible = 0;
		};
		B5856CF61846D7D200B70971 /* Build configuration list for PBXNativeTarget "CorePlot14Tests" */ = {
			isa = XCConfigurationList;
			buildConfigurations = (
				B5856CF71846D7D200B70971 /* Debug */,
				B5856CF81846D7D200B70971 /* Release */,
			);
			defaultConfigurationIsVisible = 0;
		};
/* End XCConfigurationList section */
	};
	rootObject = B5856CB91846D7D200B70971 /* Project object */;
}
